
Microsoft Visual Studio Solution File, Format Version 12.00
# Visual Studio 15
VisualStudioVersion = 15.0.28307.1525
MinimumVisualStudioVersion = 10.0.40219.1
Project("{FAE04EC0-301F-11D3-BF4B-00C04F79EFBC}") = "TestUngDung", "TestUngDung\TestUngDung.csproj", "{55983A3A-8AD0-4DD6-99D4-E6A84A9A29F0}"
EndProject
Project("{FAE04EC0-301F-11D3-BF4B-00C04F79EFBC}") = "ModelEF", "ModelEF\ModelEF.csproj", "{24E0AC87-AD8D-4254-B1C9-1A2142417120}"
EndProject
Global
	GlobalSection(SolutionConfigurationPlatforms) = preSolution
		Debug|Any CPU = Debug|Any CPU
		Release|Any CPU = Release|Any CPU
	EndGlobalSection
	GlobalSection(ProjectConfigurationPlatforms) = postSolution
		{55983A3A-8AD0-4DD6-99D4-E6A84A9A29F0}.Debug|Any CPU.ActiveCfg = Debug|Any CPU
		{55983A3A-8AD0-4DD6-99D4-E6A84A9A29F0}.Debug|Any CPU.Build.0 = Debug|Any CPU
		{55983A3A-8AD0-4DD6-99D4-E6A84A9A29F0}.Release|Any CPU.ActiveCfg = Release|Any CPU
		{55983A3A-8AD0-4DD6-99D4-E6A84A9A29F0}.Release|Any CPU.Build.0 = Release|Any CPU
		{24E0AC87-AD8D-4254-B1C9-1A2142417120}.Debug|Any CPU.ActiveCfg = Debug|Any CPU
		{24E0AC87-AD8D-4254-B1C9-1A2142417120}.Debug|Any CPU.Build.0 = Debug|Any CPU
		{24E0AC87-AD8D-4254-B1C9-1A2142417120}.Release|Any CPU.ActiveCfg = Release|Any CPU
		{24E0AC87-AD8D-4254-B1C9-1A2142417120}.Release|Any CPU.Build.0 = Release|Any CPU
	EndGlobalSection
	GlobalSection(SolutionProperties) = preSolution
		HideSolutionNode = FALSE
	EndGlobalSection
	GlobalSection(ExtensibilityGlobals) = postSolution
		SolutionGuid = {E0FA3577-DAF9-4EF6-B466-6348194A0A2B}
	EndGlobalSection
EndGlobal
